
Microsoft Visual Studio Solution File, Format Version 12.00
# Visual Studio 2012
Project("{FAE04EC0-301F-11D3-BF4B-00C04F79EFBC}") = "Jenkins", "Jenkins.csproj", "{1BAFD48A-E124-49ED-A1B6-4E636AC26FE1}"
EndProject
Project("{FAE04EC0-301F-11D3-BF4B-00C04F79EFBC}") = "Jenkins.Tests", "Jenkins.Tests\Jenkins.Tests.csproj", "{178D6CFB-4588-4D6B-A204-043A33DA7308}"
EndProject
Global
	GlobalSection(SolutionConfigurationPlatforms) = preSolution
		Debug|Any CPU = Debug|Any CPU
		Release|Any CPU = Release|Any CPU
	EndGlobalSection
	GlobalSection(ProjectConfigurationPlatforms) = postSolution
		{1BAFD48A-E124-49ED-A1B6-4E636AC26FE1}.Debug|Any CPU.ActiveCfg = Debug|Any CPU
		{1BAFD48A-E124-49ED-A1B6-4E636AC26FE1}.Debug|Any CPU.Build.0 = Debug|Any CPU
		{1BAFD48A-E124-49ED-A1B6-4E636AC26FE1}.Release|Any CPU.ActiveCfg = Release|Any CPU
		{1BAFD48A-E124-49ED-A1B6-4E636AC26FE1}.Release|Any CPU.Build.0 = Release|Any CPU
		{178D6CFB-4588-4D6B-A204-043A33DA7308}.Debug|Any CPU.ActiveCfg = Debug|Any CPU
		{178D6CFB-4588-4D6B-A204-043A33DA7308}.Debug|Any CPU.Build.0 = Debug|Any CPU
		{178D6CFB-4588-4D6B-A204-043A33DA7308}.Release|Any CPU.ActiveCfg = Release|Any CPU
		{178D6CFB-4588-4D6B-A204-043A33DA7308}.Release|Any CPU.Build.0 = Release|Any CPU
	EndGlobalSection
	GlobalSection(SolutionProperties) = preSolution
		HideSolutionNode = FALSE
	EndGlobalSection
EndGlobal
